
Microsoft Visual Studio Solution File, Format Version 12.00
# Visual Studio Version 17
VisualStudioVersion = 17.4.33110.190
MinimumVisualStudioVersion = 10.0.40219.1
Project("{FAE04EC0-301F-11D3-BF4B-00C04F79EFBC}") = "Proyecto Final S.I. Ulises y Oscar", "Proyecto Final S.I. Ulises y Oscar\Proyecto Final S.I. Ulises y Oscar.csproj", "{BC3DE475-DC6F-40B5-8FA4-B2483E69D9CF}"
EndProject
Global
	GlobalSection(SolutionConfigurationPlatforms) = preSolution
		Debug|Any CPU = Debug|Any CPU
		Release|Any CPU = Release|Any CPU
	EndGlobalSection
	GlobalSection(ProjectConfigurationPlatforms) = postSolution
		{BC3DE475-DC6F-40B5-8FA4-B2483E69D9CF}.Debug|Any CPU.ActiveCfg = Debug|Any CPU
		{BC3DE475-DC6F-40B5-8FA4-B2483E69D9CF}.Debug|Any CPU.Build.0 = Debug|Any CPU
		{BC3DE475-DC6F-40B5-8FA4-B2483E69D9CF}.Release|Any CPU.ActiveCfg = Release|Any CPU
		{BC3DE475-DC6F-40B5-8FA4-B2483E69D9CF}.Release|Any CPU.Build.0 = Release|Any CPU
	EndGlobalSection
	GlobalSection(SolutionProperties) = preSolution
		HideSolutionNode = FALSE
	EndGlobalSection
	GlobalSection(ExtensibilityGlobals) = postSolution
		SolutionGuid = {C67647F9-A1A3-4D4B-9CCC-D4A3AC9EAE99}
	EndGlobalSection
EndGlobal
